
Microsoft Visual Studio Solution File, Format Version 12.00
# Visual Studio Version 17
VisualStudioVersion = 17.14.36203.30
MinimumVisualStudioVersion = 10.0.40219.1
Project("{FAE04EC0-301F-11D3-BF4B-00C04F79EFBC}") = "Blackrazor", "Blackrazor\Blackrazor.csproj", "{023D2845-86AC-486E-9F39-156178CA049A}"
EndProject
Project("{FAE04EC0-301F-11D3-BF4B-00C04F79EFBC}") = "Tests", "Tests\Tests.csproj", "{EF80C4A7-28FC-4783-88DB-DD8D5966A9B1}"
EndProject
Project("{FAE04EC0-301F-11D3-BF4B-00C04F79EFBC}") = "ConsoleApp", "ConsoleApp\ConsoleApp.csproj", "{06D82DB8-E736-4B86-94BD-A1DA68D74064}"
EndProject
Global
	GlobalSection(SolutionConfigurationPlatforms) = preSolution
		Debug|Any CPU = Debug|Any CPU
		Release|Any CPU = Release|Any CPU
	EndGlobalSection
	GlobalSection(ProjectConfigurationPlatforms) = postSolution
		{023D2845-86AC-486E-9F39-156178CA049A}.Debug|Any CPU.ActiveCfg = Debug|Any CPU
		{023D2845-86AC-486E-9F39-156178CA049A}.Debug|Any CPU.Build.0 = Debug|Any CPU
		{023D2845-86AC-486E-9F39-156178CA049A}.Release|Any CPU.ActiveCfg = Release|Any CPU
		{023D2845-86AC-486E-9F39-156178CA049A}.Release|Any CPU.Build.0 = Release|Any CPU
		{EF80C4A7-28FC-4783-88DB-DD8D5966A9B1}.Debug|Any CPU.ActiveCfg = Debug|Any CPU
		{EF80C4A7-28FC-4783-88DB-DD8D5966A9B1}.Debug|Any CPU.Build.0 = Debug|Any CPU
		{EF80C4A7-28FC-4783-88DB-DD8D5966A9B1}.Release|Any CPU.ActiveCfg = Release|Any CPU
		{EF80C4A7-28FC-4783-88DB-DD8D5966A9B1}.Release|Any CPU.Build.0 = Release|Any CPU
		{06D82DB8-E736-4B86-94BD-A1DA68D74064}.Debug|Any CPU.ActiveCfg = Debug|Any CPU
		{06D82DB8-E736-4B86-94BD-A1DA68D74064}.Debug|Any CPU.Build.0 = Debug|Any CPU
		{06D82DB8-E736-4B86-94BD-A1DA68D74064}.Release|Any CPU.ActiveCfg = Release|Any CPU
		{06D82DB8-E736-4B86-94BD-A1DA68D74064}.Release|Any CPU.Build.0 = Release|Any CPU
	EndGlobalSection
	GlobalSection(SolutionProperties) = preSolution
		HideSolutionNode = FALSE
	EndGlobalSection
	GlobalSection(ExtensibilityGlobals) = postSolution
		SolutionGuid = {91162F2B-F14A-4093-B71C-F6419E49C49F}
	EndGlobalSection
EndGlobal
